
Microsoft Visual Studio Solution File, Format Version 12.00
# Visual Studio Version 17
VisualStudioVersion = 17.4.33205.214
MinimumVisualStudioVersion = 10.0.40219.1
Project("{FAE04EC0-301F-11D3-BF4B-00C04F79EFBC}") = "DotNetCoreReactAdmin-dotnet7", "DotNetCoreReactAdmin-dotnet7\DotNetCoreReactAdmin-dotnet7.csproj", "{016FC03A-35C2-423F-B6FE-9EC1D63757EC}"
EndProject
Global
	GlobalSection(SolutionConfigurationPlatforms) = preSolution
		Debug|Any CPU = Debug|Any CPU
		Release|Any CPU = Release|Any CPU
	EndGlobalSection
	GlobalSection(ProjectConfigurationPlatforms) = postSolution
		{016FC03A-35C2-423F-B6FE-9EC1D63757EC}.Debug|Any CPU.ActiveCfg = Debug|Any CPU
		{016FC03A-35C2-423F-B6FE-9EC1D63757EC}.Debug|Any CPU.Build.0 = Debug|Any CPU
		{016FC03A-35C2-423F-B6FE-9EC1D63757EC}.Release|Any CPU.ActiveCfg = Release|Any CPU
		{016FC03A-35C2-423F-B6FE-9EC1D63757EC}.Release|Any CPU.Build.0 = Release|Any CPU
	EndGlobalSection
	GlobalSection(SolutionProperties) = preSolution
		HideSolutionNode = FALSE
	EndGlobalSection
	GlobalSection(ExtensibilityGlobals) = postSolution
		SolutionGuid = {8D101A72-70B7-498C-A83F-4A17E91D1E1B}
	EndGlobalSection
EndGlobal
